# This file is automatically @generated by Cargo.
# It is not intended for manual editing.
version = 4

[[package]]
name = "ghost-cell"
version = "0.2.6"
source = "registry+https://github.com/rust-lang/crates.io-index"
checksum = "d8449d342b1c67f49169e92e71deb7b9b27f30062301a16dbc27a4cc8d2351b7"

[[package]]
name = "pastey"
version = "0.2.2"
source = "registry+https://github.com/rust-lang/crates.io-index"
checksum = "c5a797f0e07bdf071d15742978fc3128ec6c22891c31a3a931513263904c982a"

[[package]]
name = "portable-atomic"
version = "1.13.1"
source = "registry+https://github.com/rust-lang/crates.io-index"
checksum = "c33a9471896f1c69cecef8d20cbe2f7accd12527ce60845ff44c153bb2a21b49"

[[package]]
name = "rustversion"
version = "1.0.22"
source = "registry+https://github.com/rust-lang/crates.io-index"
checksum = "b39cdef0fa800fc44525c84ccb54a029961a8215f9619753635a9c0d2538d46d"

[[package]]
name = "token-cell"
version = "3.0.0"
dependencies = [
 "ghost-cell",
 "pastey",
 "portable-atomic",
 "rustversion",
]
